
Microsoft Visual Studio Solution File, Format Version 12.00
# Visual Studio Version 17
VisualStudioVersion = 17.1.32210.238
MinimumVisualStudioVersion = 10.0.40219.1
Project("{FAE04EC0-301F-11D3-BF4B-00C04F79EFBC}") = "DartApp.Server", "Server\DartApp.Server.csproj", "{66C3A4B1-3087-4A10-B7B0-DF303B47F293}"
EndProject
Project("{FAE04EC0-301F-11D3-BF4B-00C04F79EFBC}") = "DartApp.Client", "Client\DartApp.Client.csproj", "{21011A3D-93E8-437A-B44A-D6C915A970F2}"
EndProject
Project("{FAE04EC0-301F-11D3-BF4B-00C04F79EFBC}") = "DartApp.Shared", "Shared\DartApp.Shared.csproj", "{74D5FF2B-817B-4574-83A3-1E7DF712AA32}"
EndProject
Global
	GlobalSection(SolutionConfigurationPlatforms) = preSolution
		Debug|Any CPU = Debug|Any CPU
		Release|Any CPU = Release|Any CPU
	EndGlobalSection
	GlobalSection(ProjectConfigurationPlatforms) = postSolution
		{66C3A4B1-3087-4A10-B7B0-DF303B47F293}.Debug|Any CPU.ActiveCfg = Debug|Any CPU
		{66C3A4B1-3087-4A10-B7B0-DF303B47F293}.Debug|Any CPU.Build.0 = Debug|Any CPU
		{66C3A4B1-3087-4A10-B7B0-DF303B47F293}.Release|Any CPU.ActiveCfg = Release|Any CPU
		{66C3A4B1-3087-4A10-B7B0-DF303B47F293}.Release|Any CPU.Build.0 = Release|Any CPU
		{21011A3D-93E8-437A-B44A-D6C915A970F2}.Debug|Any CPU.ActiveCfg = Debug|Any CPU
		{21011A3D-93E8-437A-B44A-D6C915A970F2}.Debug|Any CPU.Build.0 = Debug|Any CPU
		{21011A3D-93E8-437A-B44A-D6C915A970F2}.Release|Any CPU.ActiveCfg = Release|Any CPU
		{21011A3D-93E8-437A-B44A-D6C915A970F2}.Release|Any CPU.Build.0 = Release|Any CPU
		{74D5FF2B-817B-4574-83A3-1E7DF712AA32}.Debug|Any CPU.ActiveCfg = Debug|Any CPU
		{74D5FF2B-817B-4574-83A3-1E7DF712AA32}.Debug|Any CPU.Build.0 = Debug|Any CPU
		{74D5FF2B-817B-4574-83A3-1E7DF712AA32}.Release|Any CPU.ActiveCfg = Release|Any CPU
		{74D5FF2B-817B-4574-83A3-1E7DF712AA32}.Release|Any CPU.Build.0 = Release|Any CPU
	EndGlobalSection
	GlobalSection(SolutionProperties) = preSolution
		HideSolutionNode = FALSE
	EndGlobalSection
	GlobalSection(ExtensibilityGlobals) = postSolution
		SolutionGuid = {7E49046A-E5B6-4608-98E8-751B96932776}
	EndGlobalSection
EndGlobal
